{
    "_readme": [
        "This file locks the dependencies of your project to a known state",
        "Read more about it at https://getcomposer.org/doc/01-basic-usage.md#installing-dependencies",
        "This file is @generated automatically"
    ],
    "content-hash": "b2c209719a0e9987d58f0ed7fe0b7426",
    "packages": [
        {
            "name": "eliaslazcano/helpers",
            "version": "1.2.4",
            "source": {
                "type": "git",
                "url": "https://github.com/eliaslazcano/PhpHelpers.git",
                "reference": "2c1ce8f551cfeea6ef3bf06398eafbab0e77f38d"
            },
            "dist": {
                "type": "zip",
                "url": "https://api.github.com/repos/eliaslazcano/PhpHelpers/zipball/2c1ce8f551cfeea6ef3bf06398eafbab0e77f38d",
                "reference": "2c1ce8f551cfeea6ef3bf06398eafbab0e77f38d",
                "shasum": ""
            },
            "require": {
                "ext-curl": "*",
                "ext-gd": "*",
                "ext-json": "*",
                "ext-mbstring": "*",
                "ext-pdo": "*",
                "gumlet/php-image-resize": "^2.0",
                "php": ">=7.0"
            },
            "type": "library",
            "autoload": {
                "psr-4": {
                    "Eliaslazcano\\Helpers\\": "src/"
                }
            },
            "notification-url": "https://packagist.org/downloads/",
            "license": [
                "MIT"
            ],
            "authors": [
                {
                    "name": "Elias Lazcano Castro Neto",
                    "email": "elias304162@gmail.com"
                }
            ],
            "description": "Biblioteca de helpers para simplificar comandos rotineiros do PHP",
            "support": {
                "issues": "https://github.com/eliaslazcano/PhpHelpers/issues",
                "source": "https://github.com/eliaslazcano/PhpHelpers/tree/v1.2.4"
            },
            "time": "2023-08-14T09:00:30+00:00"
        },
        {
            "name": "gumlet/php-image-resize",
            "version": "2.0.3",
            "source": {
                "type": "git",
                "url": "https://github.com/gumlet/php-image-resize.git",
                "reference": "aee4e2573e83476ffd0ac64b7269f838c8cd9d68"
            },
            "dist": {
                "type": "zip",
                "url": "https://api.github.com/repos/gumlet/php-image-resize/zipball/aee4e2573e83476ffd0ac64b7269f838c8cd9d68",
                "reference": "aee4e2573e83476ffd0ac64b7269f838c8cd9d68",
                "shasum": ""
            },
            "require": {
                "ext-fileinfo": "*",
                "ext-gd": "*",
                "php": ">=5.6.0"
            },
            "require-dev": {
                "apigen/apigen": "^4.1",
                "ext-exif": "*",
                "ext-gd": "*",
                "php-coveralls/php-coveralls": "^2.1",
                "phpunit/phpunit": "^8.5"
            },
            "suggest": {
                "ext-exif": "Auto-rotate jpeg files"
            },
            "type": "library",
            "autoload": {
                "psr-4": {
                    "Gumlet\\": "lib/"
                }
            },
            "notification-url": "https://packagist.org/downloads/",
            "license": [
                "MIT"
            ],
            "authors": [
                {
                    "name": "Aditya Patadia",
                    "homepage": "http://aditya.patadia.org/"
                }
            ],
            "description": "PHP class to re-size and scale images",
            "homepage": "https://github.com/gumlet/php-image-resize",
            "keywords": [
                "image",
                "php",
                "resize",
                "scale"
            ],
            "support": {
                "issues": "https://github.com/gumlet/php-image-resize/issues",
                "source": "https://github.com/gumlet/php-image-resize/tree/2.0.3"
            },
            "time": "2022-06-21T16:20:34+00:00"
        }
    ],
    "packages-dev": [],
    "aliases": [],
    "minimum-stability": "stable",
    "stability-flags": [],
    "prefer-stable": false,
    "prefer-lowest": false,
    "platform": {
        "php": ">=7.1",
        "ext-pdo": "*",
        "ext-curl": "*",
        "ext-json": "*"
    },
    "platform-dev": [],
    "plugin-api-version": "2.3.0"
}
